<?xml version="1.0" encoding="utf-8"?>
<Project ToolsVersion="4.0" xmlns="http://schemas.microsoft.com/developer/msbuild/2003">
  <ItemGroup>
    <Filter Include="Source Files">
      <UniqueIdentifier>{4FC737F1-C7A5-4376-A066-2A32D752A2FF}</UniqueIdentifier>
      <Extensions>cpp;c;cc;cxx;def;odl;idl;hpj;bat;asm;asmx</Extensions>
    </Filter>
    <Filter Include="Header Files">
      <UniqueIdentifier>{93995380-89BD-4b04-88EB-625FBE52EBFB}</UniqueIdentifier>
      <Extensions>h;hh;hpp;hxx;hm;inl;inc;xsd</Extensions>
    </Filter>
    <Filter Include="Resource Files">
      <UniqueIdentifier>{67DA6AB6-F800-4c08-8B7A-83BB121AAD01}</UniqueIdentifier>
      <Extensions>rc;ico;cur;bmp;dlg;rc2;rct;bin;rgs;gif;jpg;jpeg;jpe;resx;tiff;tif;png;wav;mfcribbon-ms</Extensions>
    </Filter>
    <Filter Include="MC">
      <UniqueIdentifier>{9d7cc462-ae49-4d53-a920-faed4eb02975}</UniqueIdentifier>
    </Filter>
    <Filter Include="Scene">
      <UniqueIdentifier>{a391a573-0449-4fa4-979b-631d0d8b7af1}</UniqueIdentifier>
    </Filter>
    <Filter Include="GameManager">
      <UniqueIdentifier>{699ebb79-aeff-4c8b-82a4-9d9eef22fc76}</UniqueIdentifier>
    </Filter>
    <Filter Include="Object">
      <UniqueIdentifier>{ebcbbd66-bd93-4937-87a3-940e03265f83}</UniqueIdentifier>
    </Filter>
    <Filter Include="Manager">
      <UniqueIdentifier>{dd1488b4-357b-420b-838a-197b03e75cac}</UniqueIdentifier>
    </Filter>
    <Filter Include="State">
      <UniqueIdentifier>{e395775e-fb94-492f-acca-ace7ffd623f8}</UniqueIdentifier>
    </Filter>
    <Filter Include="Scene Header">
      <UniqueIdentifier>{646cce1e-3740-4932-8d3b-2f2448efdae1}</UniqueIdentifier>
    </Filter>
  </ItemGroup>
  <ItemGroup>
    <Text Include="ReadMe.txt" />
  </ItemGroup>
  <ItemGroup>
    <ClInclude Include="stdafx.h">
      <Filter>Header Files</Filter>
    </ClInclude>
    <ClInclude Include="targetver.h">
      <Filter>Header Files</Filter>
    </ClInclude>
    <ClInclude Include="define.h">
      <Filter>Header Files</Filter>
    </ClInclude>
    <ClInclude Include="GameObject.h">
      <Filter>Header Files</Filter>
    </ClInclude>
    <ClInclude Include="mc.h">
      <Filter>Header Files</Filter>
    </ClInclude>
    <ClInclude Include="GameObjectRender.h">
      <Filter>Header Files</Filter>
    </ClInclude>
    <ClInclude Include="GameManagerState.h">
      <Filter>Header Files</Filter>
    </ClInclude>
    <ClInclude Include="Plate.h">
      <Filter>Header Files</Filter>
    </ClInclude>
    <ClInclude Include="GameLoading.h">
      <Filter>Header Files</Filter>
    </ClInclude>
    <ClInclude Include="Scene_Over.h">
      <Filter>Scene Header</Filter>
    </ClInclude>
    <ClInclude Include="SceneManager.h">
      <Filter>Scene Header</Filter>
    </ClInclude>
    <ClInclude Include="Scene.h">
      <Filter>Scene Header</Filter>
    </ClInclude>
    <ClInclude Include="MenuScene.h">
      <Filter>Scene Header</Filter>
    </ClInclude>
    <ClInclude Include="Collision.h">
      <Filter>Header Files</Filter>
    </ClInclude>
    <ClInclude Include="SkinScene.h">
      <Filter>Scene Header</Filter>
    </ClInclude>
    <ClInclude Include="GameScene.h">
      <Filter>Scene Header</Filter>
    </ClInclude>
    <ClInclude Include="SettingScene.h">
      <Filter>Scene Header</Filter>
    </ClInclude>
    <ClInclude Include="Skin.h">
      <Filter>Header Files</Filter>
    </ClInclude>
    <ClInclude Include="SceneWin.h">
      <Filter>Scene Header</Filter>
    </ClInclude>
    <ClInclude Include="SceneBuy.h">
      <Filter>Scene Header</Filter>
    </ClInclude>
    <ClInclude Include="Pack.h">
      <Filter>Header Files</Filter>
    </ClInclude>
    <ClInclude Include="Animation.h">
      <Filter>Header Files</Filter>
    </ClInclude>
  </ItemGroup>
  <ItemGroup>
    <ClCompile Include="stdafx.cpp">
      <Filter>Source Files</Filter>
    </ClCompile>
    <ClCompile Include="GiveItUp.v00.cpp">
      <Filter>Source Files</Filter>
    </ClCompile>
    <ClCompile Include="mc.cpp">
      <Filter>MC</Filter>
    </ClCompile>
    <ClCompile Include="Scene.cpp">
      <Filter>Scene</Filter>
    </ClCompile>
    <ClCompile Include="GameObject.cpp">
      <Filter>Object</Filter>
    </ClCompile>
    <ClCompile Include="GameScene.cpp">
      <Filter>Scene</Filter>
    </ClCompile>
    <ClCompile Include="GameObjectRender.cpp">
      <Filter>Object</Filter>
    </ClCompile>
    <ClCompile Include="GameManagerState.cpp">
      <Filter>Manager</Filter>
    </ClCompile>
    <ClCompile Include="SceneManager.cpp">
      <Filter>Manager</Filter>
    </ClCompile>
    <ClCompile Include="Plate.cpp">
      <Filter>Object</Filter>
    </ClCompile>
    <ClCompile Include="GameLoading.cpp">
      <Filter>Scene</Filter>
    </ClCompile>
    <ClCompile Include="MenuScene.cpp">
      <Filter>Scene</Filter>
    </ClCompile>
    <ClCompile Include="Test.cpp">
      <Filter>Scene</Filter>
    </ClCompile>
    <ClCompile Include="Scene_Over.cpp">
      <Filter>Scene</Filter>
    </ClCompile>
    <ClCompile Include="Collision.cpp">
      <Filter>Source Files</Filter>
    </ClCompile>
    <ClCompile Include="SkinScene.cpp">
      <Filter>Scene</Filter>
    </ClCompile>
    <ClCompile Include="SettingScene.cpp">
      <Filter>Scene</Filter>
    </ClCompile>
    <ClCompile Include="Skin.cpp">
      <Filter>Object</Filter>
    </ClCompile>
    <ClCompile Include="SceneWin.cpp">
      <Filter>Scene</Filter>
    </ClCompile>
    <ClCompile Include="Pack.cpp">
      <Filter>Scene</Filter>
    </ClCompile>
    <ClCompile Include="SceneBuy.cpp">
      <Filter>Scene</Filter>
    </ClCompile>
    <ClCompile Include="Animation.cpp">
      <Filter>Source Files</Filter>
    </ClCompile>
  </ItemGroup>
</Project>